// !$*UTF8*$!
{
	archiveVersion = 1;
	classes = {
	};
	objectVersion = 50;
	objects = {

/* Begin PBXBuildFile section */
		0C1F59AE42F83BB318984ABE /* libPods-ZFTabSelectViewDemoTests.a in Frameworks */ = {isa = PBXBuildFile; fileRef = 7F981930196C14E1789FCB8A /* libPods-ZFTabSelectViewDemoTests.a */; };
		B1049A3E22BA523C001ED8C2 /* AppDelegate.m in Sources */ = {isa = PBXBuildFile; fileRef = B1049A3D22BA523C001ED8C2 /* AppDelegate.m */; };
		B1049A4122BA523C001ED8C2 /* ViewController.m in Sources */ = {isa = PBXBuildFile; fileRef = B1049A4022BA523C001ED8C2 /* ViewController.m */; };
		B1049A4422BA523C001ED8C2 /* Main.storyboard in Resources */ = {isa = PBXBuildFile; fileRef = B1049A4222BA523C001ED8C2 /* Main.storyboard */; };
		B1049A4722BA523C001ED8C2 /* ZFTabSelectViewDemo.xcdatamodeld in Sources */ = {isa = PBXBuildFile; fileRef = B1049A4522BA523C001ED8C2 /* ZFTabSelectViewDemo.xcdatamodeld */; };
		B1049A4922BA523D001ED8C2 /* Assets.xcassets in Resources */ = {isa = PBXBuildFile; fileRef = B1049A4822BA523D001ED8C2 /* Assets.xcassets */; };
		B1049A4C22BA523D001ED8C2 /* LaunchScreen.storyboard in Resources */ = {isa = PBXBuildFile; fileRef = B1049A4A22BA523D001ED8C2 /* LaunchScreen.storyboard */; };
		B1049A4F22BA523D001ED8C2 /* main.m in Sources */ = {isa = PBXBuildFile; fileRef = B1049A4E22BA523D001ED8C2 /* main.m */; };
		B1049A5922BA523D001ED8C2 /* ZFTabSelectViewDemoTests.m in Sources */ = {isa = PBXBuildFile; fileRef = B1049A5822BA523D001ED8C2 /* ZFTabSelectViewDemoTests.m */; };
		B1049A6A22BA528A001ED8C2 /* ZFTabConfiguration.m in Sources */ = {isa = PBXBuildFile; fileRef = B1049A6422BA528A001ED8C2 /* ZFTabConfiguration.m */; };
		B1049A6B22BA528A001ED8C2 /* ZFTabSelectView.m in Sources */ = {isa = PBXBuildFile; fileRef = B1049A6822BA528A001ED8C2 /* ZFTabSelectView.m */; };
		B1049A6C22BA528A001ED8C2 /* ZFJumpTableView.m in Sources */ = {isa = PBXBuildFile; fileRef = B1049A6922BA528A001ED8C2 /* ZFJumpTableView.m */; };
		B1049A7022BA5484001ED8C2 /* ZFSelectViewController.m in Sources */ = {isa = PBXBuildFile; fileRef = B1049A6F22BA5484001ED8C2 /* ZFSelectViewController.m */; };
		E22B19DD78AF74591560EF30 /* libPods-ZFTabSelectViewDemo.a in Frameworks */ = {isa = PBXBuildFile; fileRef = 016E11DB8A5246879F99A0BC /* libPods-ZFTabSelectViewDemo.a */; };
/* End PBXBuildFile section */

/* Begin PBXContainerItemProxy section */
		B1049A5522BA523D001ED8C2 /* PBXContainerItemProxy */ = {
			isa = PBXContainerItemProxy;
			containerPortal = B1049A3122BA523C001ED8C2 /* Project object */;
			proxyType = 1;
			remoteGlobalIDString = B1049A3822BA523C001ED8C2;
			remoteInfo = ZFTabSelectViewDemo;
		};
/* End PBXContainerItemProxy section */

/* Begin PBXFileReference section */
		016E11DB8A5246879F99A0BC /* libPods-ZFTabSelectViewDemo.a */ = {isa = PBXFileReference; explicitFileType = archive.ar; includeInIndex = 0; path = "libPods-ZFTabSelectViewDemo.a"; sourceTree = BUILT_PRODUCTS_DIR; };
		0D5835EB18B0E90DE3060123 /* Pods-ZFTabSelectViewDemoTests.debug.xcconfig */ = {isa = PBXFileReference; includeInIndex = 1; lastKnownFileType = text.xcconfig; name = "Pods-ZFTabSelectViewDemoTests.debug.xcconfig"; path = "Target Support Files/Pods-ZFTabSelectViewDemoTests/Pods-ZFTabSelectViewDemoTests.debug.xcconfig"; sourceTree = "<group>"; };
		5DBB71ADACFE0E851419059A /* Pods-ZFTabSelectViewDemo.debug.xcconfig */ = {isa = PBXFileReference; includeInIndex = 1; lastKnownFileType = text.xcconfig; name = "Pods-ZFTabSelectViewDemo.debug.xcconfig"; path = "Target Support Files/Pods-ZFTabSelectViewDemo/Pods-ZFTabSelectViewDemo.debug.xcconfig"; sourceTree = "<group>"; };
		7F981930196C14E1789FCB8A /* libPods-ZFTabSelectViewDemoTests.a */ = {isa = PBXFileReference; explicitFileType = archive.ar; includeInIndex = 0; path = "libPods-ZFTabSelectViewDemoTests.a"; sourceTree = BUILT_PRODUCTS_DIR; };
		8525FF1E1435F8951F6CEAE7 /* Pods-ZFTabSelectViewDemo.release.xcconfig */ = {isa = PBXFileReference; includeInIndex = 1; lastKnownFileType = text.xcconfig; name = "Pods-ZFTabSelectViewDemo.release.xcconfig"; path = "Target Support Files/Pods-ZFTabSelectViewDemo/Pods-ZFTabSelectViewDemo.release.xcconfig"; sourceTree = "<group>"; };
		B1049A3922BA523C001ED8C2 /* ZFTabSelectViewDemo.app */ = {isa = PBXFileReference; explicitFileType = wrapper.application; includeInIndex = 0; path = ZFTabSelectViewDemo.app; sourceTree = BUILT_PRODUCTS_DIR; };
		B1049A3C22BA523C001ED8C2 /* AppDelegate.h */ = {isa = PBXFileReference; lastKnownFileType = sourcecode.c.h; path = AppDelegate.h; sourceTree = "<group>"; };
		B1049A3D22BA523C001ED8C2 /* AppDelegate.m */ = {isa = PBXFileReference; lastKnownFileType = sourcecode.c.objc; path = AppDelegate.m; sourceTree = "<group>"; };
		B1049A3F22BA523C001ED8C2 /* ViewController.h */ = {isa = PBXFileReference; lastKnownFileType = sourcecode.c.h; path = ViewController.h; sourceTree = "<group>"; };
		B1049A4022BA523C001ED8C2 /* ViewController.m */ = {isa = PBXFileReference; lastKnownFileType = sourcecode.c.objc; path = ViewController.m; sourceTree = "<group>"; };
		B1049A4322BA523C001ED8C2 /* Base */ = {isa = PBXFileReference; lastKnownFileType = file.storyboard; name = Base; path = Base.lproj/Main.storyboard; sourceTree = "<group>"; };
		B1049A4622BA523C001ED8C2 /* ZFTabSelectViewDemo.xcdatamodel */ = {isa = PBXFileReference; lastKnownFileType = wrapper.xcdatamodel; path = ZFTabSelectViewDemo.xcdatamodel; sourceTree = "<group>"; };
		B1049A4822BA523D001ED8C2 /* Assets.xcassets */ = {isa = PBXFileReference; lastKnownFileType = folder.assetcatalog; path = Assets.xcassets; sourceTree = "<group>"; };
		B1049A4B22BA523D001ED8C2 /* Base */ = {isa = PBXFileReference; lastKnownFileType = file.storyboard; name = Base; path = Base.lproj/LaunchScreen.storyboard; sourceTree = "<group>"; };
		B1049A4D22BA523D001ED8C2 /* Info.plist */ = {isa = PBXFileReference; lastKnownFileType = text.plist.xml; path = Info.plist; sourceTree = "<group>"; };
		B1049A4E22BA523D001ED8C2 /* main.m */ = {isa = PBXFileReference; lastKnownFileType = sourcecode.c.objc; path = main.m; sourceTree = "<group>"; };
		B1049A5422BA523D001ED8C2 /* ZFTabSelectViewDemoTests.xctest */ = {isa = PBXFileReference; explicitFileType = wrapper.cfbundle; includeInIndex = 0; path = ZFTabSelectViewDemoTests.xctest; sourceTree = BUILT_PRODUCTS_DIR; };
		B1049A5822BA523D001ED8C2 /* ZFTabSelectViewDemoTests.m */ = {isa = PBXFileReference; lastKnownFileType = sourcecode.c.objc; path = ZFTabSelectViewDemoTests.m; sourceTree = "<group>"; };
		B1049A5A22BA523D001ED8C2 /* Info.plist */ = {isa = PBXFileReference; lastKnownFileType = text.plist.xml; path = Info.plist; sourceTree = "<group>"; };
		B1049A6422BA528A001ED8C2 /* ZFTabConfiguration.m */ = {isa = PBXFileReference; fileEncoding = 4; lastKnownFileType = sourcecode.c.objc; path = ZFTabConfiguration.m; sourceTree = "<group>"; };
		B1049A6522BA528A001ED8C2 /* ZFTabSelectView.h */ = {isa = PBXFileReference; fileEncoding = 4; lastKnownFileType = sourcecode.c.h; path = ZFTabSelectView.h; sourceTree = "<group>"; };
		B1049A6622BA528A001ED8C2 /* ZFJumpTableView.h */ = {isa = PBXFileReference; fileEncoding = 4; lastKnownFileType = sourcecode.c.h; path = ZFJumpTableView.h; sourceTree = "<group>"; };
		B1049A6722BA528A001ED8C2 /* ZFTabConfiguration.h */ = {isa = PBXFileReference; fileEncoding = 4; lastKnownFileType = sourcecode.c.h; path = ZFTabConfiguration.h; sourceTree = "<group>"; };
		B1049A6822BA528A001ED8C2 /* ZFTabSelectView.m */ = {isa = PBXFileReference; fileEncoding = 4; lastKnownFileType = sourcecode.c.objc; path = ZFTabSelectView.m; sourceTree = "<group>"; };
		B1049A6922BA528A001ED8C2 /* ZFJumpTableView.m */ = {isa = PBXFileReference; fileEncoding = 4; lastKnownFileType = sourcecode.c.objc; path = ZFJumpTableView.m; sourceTree = "<group>"; };
		B1049A6E22BA5484001ED8C2 /* ZFSelectViewController.h */ = {isa = PBXFileReference; lastKnownFileType = sourcecode.c.h; path = ZFSelectViewController.h; sourceTree = "<group>"; };
		B1049A6F22BA5484001ED8C2 /* ZFSelectViewController.m */ = {isa = PBXFileReference; lastKnownFileType = sourcecode.c.objc; path = ZFSelectViewController.m; sourceTree = "<group>"; };
		EF167FF1C786D01AE7E8683C /* Pods-ZFTabSelectViewDemoTests.release.xcconfig */ = {isa = PBXFileReference; includeInIndex = 1; lastKnownFileType = text.xcconfig; name = "Pods-ZFTabSelectViewDemoTests.release.xcconfig"; path = "Target Support Files/Pods-ZFTabSelectViewDemoTests/Pods-ZFTabSelectViewDemoTests.release.xcconfig"; sourceTree = "<group>"; };
/* End PBXFileReference section */

/* Begin PBXFrameworksBuildPhase section */
		B1049A3622BA523C001ED8C2 /* Frameworks */ = {
			isa = PBXFrameworksBuildPhase;
			buildActionMask = 2147483647;
			files = (
				E22B19DD78AF74591560EF30 /* libPods-ZFTabSelectViewDemo.a in Frameworks */,
			);
			runOnlyForDeploymentPostprocessing = 0;
		};
		B1049A5122BA523D001ED8C2 /* Frameworks */ = {
			isa = PBXFrameworksBuildPhase;
			buildActionMask = 2147483647;
			files = (
				0C1F59AE42F83BB318984ABE /* libPods-ZFTabSelectViewDemoTests.a in Frameworks */,
			);
			runOnlyForDeploymentPostprocessing = 0;
		};
/* End PBXFrameworksBuildPhase section */

/* Begin PBXGroup section */
		33BD39012B2A4F03B4476532 /* Frameworks */ = {
			isa = PBXGroup;
			children = (
				016E11DB8A5246879F99A0BC /* libPods-ZFTabSelectViewDemo.a */,
				7F981930196C14E1789FCB8A /* libPods-ZFTabSelectViewDemoTests.a */,
			);
			name = Frameworks;
			sourceTree = "<group>";
		};
		86EDA57D1899D0012F8C2EDA /* Pods */ = {
			isa = PBXGroup;
			children = (
				5DBB71ADACFE0E851419059A /* Pods-ZFTabSelectViewDemo.debug.xcconfig */,
				8525FF1E1435F8951F6CEAE7 /* Pods-ZFTabSelectViewDemo.release.xcconfig */,
				0D5835EB18B0E90DE3060123 /* Pods-ZFTabSelectViewDemoTests.debug.xcconfig */,
				EF167FF1C786D01AE7E8683C /* Pods-ZFTabSelectViewDemoTests.release.xcconfig */,
			);
			name = Pods;
			path = Pods;
			sourceTree = "<group>";
		};
		B1049A3022BA523C001ED8C2 = {
			isa = PBXGroup;
			children = (
				B1049A3B22BA523C001ED8C2 /* ZFTabSelectViewDemo */,
				B1049A5722BA523D001ED8C2 /* ZFTabSelectViewDemoTests */,
				B1049A3A22BA523C001ED8C2 /* Products */,
				86EDA57D1899D0012F8C2EDA /* Pods */,
				33BD39012B2A4F03B4476532 /* Frameworks */,
			);
			sourceTree = "<group>";
		};
		B1049A3A22BA523C001ED8C2 /* Products */ = {
			isa = PBXGroup;
			children = (
				B1049A3922BA523C001ED8C2 /* ZFTabSelectViewDemo.app */,
				B1049A5422BA523D001ED8C2 /* ZFTabSelectViewDemoTests.xctest */,
			);
			name = Products;
			sourceTree = "<group>";
		};
		B1049A3B22BA523C001ED8C2 /* ZFTabSelectViewDemo */ = {
			isa = PBXGroup;
			children = (
				B1049A6322BA528A001ED8C2 /* lib */,
				B1049A6D22BA5470001ED8C2 /* ViewController */,
				B1049A3C22BA523C001ED8C2 /* AppDelegate.h */,
				B1049A3D22BA523C001ED8C2 /* AppDelegate.m */,
				B1049A3F22BA523C001ED8C2 /* ViewController.h */,
				B1049A4022BA523C001ED8C2 /* ViewController.m */,
				B1049A4222BA523C001ED8C2 /* Main.storyboard */,
				B1049A4822BA523D001ED8C2 /* Assets.xcassets */,
				B1049A4A22BA523D001ED8C2 /* LaunchScreen.storyboard */,
				B1049A4D22BA523D001ED8C2 /* Info.plist */,
				B1049A4E22BA523D001ED8C2 /* main.m */,
				B1049A4522BA523C001ED8C2 /* ZFTabSelectViewDemo.xcdatamodeld */,
			);
			path = ZFTabSelectViewDemo;
			sourceTree = "<group>";
		};
		B1049A5722BA523D001ED8C2 /* ZFTabSelectViewDemoTests */ = {
			isa = PBXGroup;
			children = (
				B1049A5822BA523D001ED8C2 /* ZFTabSelectViewDemoTests.m */,
				B1049A5A22BA523D001ED8C2 /* Info.plist */,
			);
			path = ZFTabSelectViewDemoTests;
			sourceTree = "<group>";
		};
		B1049A6322BA528A001ED8C2 /* lib */ = {
			isa = PBXGroup;
			children = (
				B1049A6722BA528A001ED8C2 /* ZFTabConfiguration.h */,
				B1049A6422BA528A001ED8C2 /* ZFTabConfiguration.m */,
				B1049A6522BA528A001ED8C2 /* ZFTabSelectView.h */,
				B1049A6822BA528A001ED8C2 /* ZFTabSelectView.m */,
				B1049A6622BA528A001ED8C2 /* ZFJumpTableView.h */,
				B1049A6922BA528A001ED8C2 /* ZFJumpTableView.m */,
			);
			path = lib;
			sourceTree = "<group>";
		};
		B1049A6D22BA5470001ED8C2 /* ViewController */ = {
			isa = PBXGroup;
			children = (
				B1049A6E22BA5484001ED8C2 /* ZFSelectViewController.h */,
				B1049A6F22BA5484001ED8C2 /* ZFSelectViewController.m */,
			);
			path = ViewController;
			sourceTree = "<group>";
		};
/* End PBXGroup section */

/* Begin PBXNativeTarget section */
		B1049A3822BA523C001ED8C2 /* ZFTabSelectViewDemo */ = {
			isa = PBXNativeTarget;
			buildConfigurationList = B1049A5D22BA523D001ED8C2 /* Build configuration list for PBXNativeTarget "ZFTabSelectViewDemo" */;
			buildPhases = (
				BB29035E156F8CD119526F71 /* [CP] Check Pods Manifest.lock */,
				B1049A3522BA523C001ED8C2 /* Sources */,
				B1049A3622BA523C001ED8C2 /* Frameworks */,
				B1049A3722BA523C001ED8C2 /* Resources */,
			);
			buildRules = (
			);
			dependencies = (
			);
			name = ZFTabSelectViewDemo;
			productName = ZFTabSelectViewDemo;
			productReference = B1049A3922BA523C001ED8C2 /* ZFTabSelectViewDemo.app */;
			productType = "com.apple.product-type.application";
		};
		B1049A5322BA523D001ED8C2 /* ZFTabSelectViewDemoTests */ = {
			isa = PBXNativeTarget;
			buildConfigurationList = B1049A6022BA523D001ED8C2 /* Build configuration list for PBXNativeTarget "ZFTabSelectViewDemoTests" */;
			buildPhases = (
				3C07D7A1B5D23E2EBC190E1E /* [CP] Check Pods Manifest.lock */,
				B1049A5022BA523D001ED8C2 /* Sources */,
				B1049A5122BA523D001ED8C2 /* Frameworks */,
				B1049A5222BA523D001ED8C2 /* Resources */,
			);
			buildRules = (
			);
			dependencies = (
				B1049A5622BA523D001ED8C2 /* PBXTargetDependency */,
			);
			name = ZFTabSelectViewDemoTests;
			productName = ZFTabSelectViewDemoTests;
			productReference = B1049A5422BA523D001ED8C2 /* ZFTabSelectViewDemoTests.xctest */;
			productType = "com.apple.product-type.bundle.unit-test";
		};
/* End PBXNativeTarget section */

/* Begin PBXProject section */
		B1049A3122BA523C001ED8C2 /* Project object */ = {
			isa = PBXProject;
			attributes = {
				LastUpgradeCheck = 1020;
				ORGANIZATIONNAME = zxf;
				TargetAttributes = {
					B1049A3822BA523C001ED8C2 = {
						CreatedOnToolsVersion = 10.2.1;
					};
					B1049A5322BA523D001ED8C2 = {
						CreatedOnToolsVersion = 10.2.1;
						TestTargetID = B1049A3822BA523C001ED8C2;
					};
				};
			};
			buildConfigurationList = B1049A3422BA523C001ED8C2 /* Build configuration list for PBXProject "ZFTabSelectViewDemo" */;
			compatibilityVersion = "Xcode 9.3";
			developmentRegion = en;
			hasScannedForEncodings = 0;
			knownRegions = (
				en,
				Base,
			);
			mainGroup = B1049A3022BA523C001ED8C2;
			productRefGroup = B1049A3A22BA523C001ED8C2 /* Products */;
			projectDirPath = "";
			projectRoot = "";
			targets = (
				B1049A3822BA523C001ED8C2 /* ZFTabSelectViewDemo */,
				B1049A5322BA523D001ED8C2 /* ZFTabSelectViewDemoTests */,
			);
		};
/* End PBXProject section */

/* Begin PBXResourcesBuildPhase section */
		B1049A3722BA523C001ED8C2 /* Resources */ = {
			isa = PBXResourcesBuildPhase;
			buildActionMask = 2147483647;
			files = (
				B1049A4C22BA523D001ED8C2 /* LaunchScreen.storyboard in Resources */,
				B1049A4922BA523D001ED8C2 /* Assets.xcassets in Resources */,
				B1049A4422BA523C001ED8C2 /* Main.storyboard in Resources */,
			);
			runOnlyForDeploymentPostprocessing = 0;
		};
		B1049A5222BA523D001ED8C2 /* Resources */ = {
			isa = PBXResourcesBuildPhase;
			buildActionMask = 2147483647;
			files = (
			);
			runOnlyForDeploymentPostprocessing = 0;
		};
/* End PBXResourcesBuildPhase section */

/* Begin PBXShellScriptBuildPhase section */
		3C07D7A1B5D23E2EBC190E1E /* [CP] Check Pods Manifest.lock */ = {
			isa = PBXShellScriptBuildPhase;
			buildActionMask = 2147483647;
			files = (
			);
			inputFileListPaths = (
			);
			inputPaths = (
				"${PODS_PODFILE_DIR_PATH}/Podfile.lock",
				"${PODS_ROOT}/Manifest.lock",
			);
			name = "[CP] Check Pods Manifest.lock";
			outputFileListPaths = (
			);
			outputPaths = (
				"$(DERIVED_FILE_DIR)/Pods-ZFTabSelectViewDemoTests-checkManifestLockResult.txt",
			);
			runOnlyForDeploymentPostprocessing = 0;
			shellPath = /bin/sh;
			shellScript = "diff \"${PODS_PODFILE_DIR_PATH}/Podfile.lock\" \"${PODS_ROOT}/Manifest.lock\" > /dev/null\nif [ $? != 0 ] ; then\n    # print error to STDERR\n    echo \"error: The sandbox is not in sync with the Podfile.lock. Run 'pod install' or update your CocoaPods installation.\" >&2\n    exit 1\nfi\n# This output is used by Xcode 'outputs' to avoid re-running this script phase.\necho \"SUCCESS\" > \"${SCRIPT_OUTPUT_FILE_0}\"\n";
			showEnvVarsInLog = 0;
		};
		BB29035E156F8CD119526F71 /* [CP] Check Pods Manifest.lock */ = {
			isa = PBXShellScriptBuildPhase;
			buildActionMask = 2147483647;
			files = (
			);
			inputFileListPaths = (
			);
			inputPaths = (
				"${PODS_PODFILE_DIR_PATH}/Podfile.lock",
				"${PODS_ROOT}/Manifest.lock",
			);
			name = "[CP] Check Pods Manifest.lock";
			outputFileListPaths = (
			);
			outputPaths = (
				"$(DERIVED_FILE_DIR)/Pods-ZFTabSelectViewDemo-checkManifestLockResult.txt",
			);
			runOnlyForDeploymentPostprocessing = 0;
			shellPath = /bin/sh;
			shellScript = "diff \"${PODS_PODFILE_DIR_PATH}/Podfile.lock\" \"${PODS_ROOT}/Manifest.lock\" > /dev/null\nif [ $? != 0 ] ; then\n    # print error to STDERR\n    echo \"error: The sandbox is not in sync with the Podfile.lock. Run 'pod install' or update your CocoaPods installation.\" >&2\n    exit 1\nfi\n# This output is used by Xcode 'outputs' to avoid re-running this script phase.\necho \"SUCCESS\" > \"${SCRIPT_OUTPUT_FILE_0}\"\n";
			showEnvVarsInLog = 0;
		};
/* End PBXShellScriptBuildPhase section */

/* Begin PBXSourcesBuildPhase section */
		B1049A3522BA523C001ED8C2 /* Sources */ = {
			isa = PBXSourcesBuildPhase;
			buildActionMask = 2147483647;
			files = (
				B1049A6A22BA528A001ED8C2 /* ZFTabConfiguration.m in Sources */,
				B1049A4122BA523C001ED8C2 /* ViewController.m in Sources */,
				B1049A7022BA5484001ED8C2 /* ZFSelectViewController.m in Sources */,
				B1049A6C22BA528A001ED8C2 /* ZFJumpTableView.m in Sources */,
				B1049A6B22BA528A001ED8C2 /* ZFTabSelectView.m in Sources */,
				B1049A3E22BA523C001ED8C2 /* AppDelegate.m in Sources */,
				B1049A4F22BA523D001ED8C2 /* main.m in Sources */,
				B1049A4722BA523C001ED8C2 /* ZFTabSelectViewDemo.xcdatamodeld in Sources */,
			);
			runOnlyForDeploymentPostprocessing = 0;
		};
		B1049A5022BA523D001ED8C2 /* Sources */ = {
			isa = PBXSourcesBuildPhase;
			buildActionMask = 2147483647;
			files = (
				B1049A5922BA523D001ED8C2 /* ZFTabSelectViewDemoTests.m in Sources */,
			);
			runOnlyForDeploymentPostprocessing = 0;
		};
/* End PBXSourcesBuildPhase section */

/* Begin PBXTargetDependency section */
		B1049A5622BA523D001ED8C2 /* PBXTargetDependency */ = {
			isa = PBXTargetDependency;
			target = B1049A3822BA523C001ED8C2 /* ZFTabSelectViewDemo */;
			targetProxy = B1049A5522BA523D001ED8C2 /* PBXContainerItemProxy */;
		};
/* End PBXTargetDependency section */

/* Begin PBXVariantGroup section */
		B1049A4222BA523C001ED8C2 /* Main.storyboard */ = {
			isa = PBXVariantGroup;
			children = (
				B1049A4322BA523C001ED8C2 /* Base */,
			);
			name = Main.storyboard;
			sourceTree = "<group>";
		};
		B1049A4A22BA523D001ED8C2 /* LaunchScreen.storyboard */ = {
			isa = PBXVariantGroup;
			children = (
				B1049A4B22BA523D001ED8C2 /* Base */,
			);
			name = LaunchScreen.storyboard;
			sourceTree = "<group>";
		};
/* End PBXVariantGroup section */

/* Begin XCBuildConfiguration section */
		B1049A5B22BA523D001ED8C2 /* Debug */ = {
			isa = XCBuildConfiguration;
			buildSettings = {
				ALWAYS_SEARCH_USER_PATHS = NO;
				CLANG_ANALYZER_NONNULL = YES;
				CLANG_ANALYZER_NUMBER_OBJECT_CONVERSION = YES_AGGRESSIVE;
				CLANG_CXX_LANGUAGE_STANDARD = "gnu++14";
				CLANG_CXX_LIBRARY = "libc++";
				CLANG_ENABLE_MODULES = YES;
				CLANG_ENABLE_OBJC_ARC = YES;
				CLANG_ENABLE_OBJC_WEAK = YES;
				CLANG_WARN_BLOCK_CAPTURE_AUTORELEASING = YES;
				CLANG_WARN_BOOL_CONVERSION = YES;
				CLANG_WARN_COMMA = YES;
				CLANG_WARN_CONSTANT_CONVERSION = YES;
				CLANG_WARN_DEPRECATED_OBJC_IMPLEMENTATIONS = YES;
				CLANG_WARN_DIRECT_OBJC_ISA_USAGE = YES_ERROR;
				CLANG_WARN_DOCUMENTATION_COMMENTS = YES;
				CLANG_WARN_EMPTY_BODY = YES;
				CLANG_WARN_ENUM_CONVERSION = YES;
				CLANG_WARN_INFINITE_RECURSION = YES;
				CLANG_WARN_INT_CONVERSION = YES;
				CLANG_WARN_NON_LITERAL_NULL_CONVERSION = YES;
				CLANG_WARN_OBJC_IMPLICIT_RETAIN_SELF = YES;
				CLANG_WARN_OBJC_LITERAL_CONVERSION = YES;
				CLANG_WARN_OBJC_ROOT_CLASS = YES_ERROR;
				CLANG_WARN_RANGE_LOOP_ANALYSIS = YES;
				CLANG_WARN_STRICT_PROTOTYPES = YES;
				CLANG_WARN_SUSPICIOUS_MOVE = YES;
				CLANG_WARN_UNGUARDED_AVAILABILITY = YES_AGGRESSIVE;
				CLANG_WARN_UNREACHABLE_CODE = YES;
				CLANG_WARN__DUPLICATE_METHOD_MATCH = YES;
				CODE_SIGN_IDENTITY = "iPhone Developer";
				COPY_PHASE_STRIP = NO;
				DEBUG_INFORMATION_FORMAT = dwarf;
				ENABLE_STRICT_OBJC_MSGSEND = YES;
				ENABLE_TESTABILITY = YES;
				GCC_C_LANGUAGE_STANDARD = gnu11;
				GCC_DYNAMIC_NO_PIC = NO;
				GCC_NO_COMMON_BLOCKS = YES;
				GCC_OPTIMIZATION_LEVEL = 0;
				GCC_PREPROCESSOR_DEFINITIONS = (
					"DEBUG=1",
					"$(inherited)",
				);
				GCC_WARN_64_TO_32_BIT_CONVERSION = YES;
				GCC_WARN_ABOUT_RETURN_TYPE = YES_ERROR;
				GCC_WARN_UNDECLARED_SELECTOR = YES;
				GCC_WARN_UNINITIALIZED_AUTOS = YES_AGGRESSIVE;
				GCC_WARN_UNUSED_FUNCTION = YES;
				GCC_WARN_UNUSED_VARIABLE = YES;
				IPHONEOS_DEPLOYMENT_TARGET = 12.2;
				MTL_ENABLE_DEBUG_INFO = INCLUDE_SOURCE;
				MTL_FAST_MATH = YES;
				ONLY_ACTIVE_ARCH = YES;
				SDKROOT = iphoneos;
			};
			name = Debug;
		};
		B1049A5C22BA523D001ED8C2 /* Release */ = {
			isa = XCBuildConfiguration;
			buildSettings = {
				ALWAYS_SEARCH_USER_PATHS = NO;
				CLANG_ANALYZER_NONNULL = YES;
				CLANG_ANALYZER_NUMBER_OBJECT_CONVERSION = YES_AGGRESSIVE;
				CLANG_CXX_LANGUAGE_STANDARD = "gnu++14";
				CLANG_CXX_LIBRARY = "libc++";
				CLANG_ENABLE_MODULES = YES;
				CLANG_ENABLE_OBJC_ARC = YES;
				CLANG_ENABLE_OBJC_WEAK = YES;
				CLANG_WARN_BLOCK_CAPTURE_AUTORELEASING = YES;
				CLANG_WARN_BOOL_CONVERSION = YES;
				CLANG_WARN_COMMA = YES;
				CLANG_WARN_CONSTANT_CONVERSION = YES;
				CLANG_WARN_DEPRECATED_OBJC_IMPLEMENTATIONS = YES;
				CLANG_WARN_DIRECT_OBJC_ISA_USAGE = YES_ERROR;
				CLANG_WARN_DOCUMENTATION_COMMENTS = YES;
				CLANG_WARN_EMPTY_BODY = YES;
				CLANG_WARN_ENUM_CONVERSION = YES;
				CLANG_WARN_INFINITE_RECURSION = YES;
				CLANG_WARN_INT_CONVERSION = YES;
				CLANG_WARN_NON_LITERAL_NULL_CONVERSION = YES;
				CLANG_WARN_OBJC_IMPLICIT_RETAIN_SELF = YES;
				CLANG_WARN_OBJC_LITERAL_CONVERSION = YES;
				CLANG_WARN_OBJC_ROOT_CLASS = YES_ERROR;
				CLANG_WARN_RANGE_LOOP_ANALYSIS = YES;
				CLANG_WARN_STRICT_PROTOTYPES = YES;
				CLANG_WARN_SUSPICIOUS_MOVE = YES;
				CLANG_WARN_UNGUARDED_AVAILABILITY = YES_AGGRESSIVE;
				CLANG_WARN_UNREACHABLE_CODE = YES;
				CLANG_WARN__DUPLICATE_METHOD_MATCH = YES;
				CODE_SIGN_IDENTITY = "iPhone Developer";
				COPY_PHASE_STRIP = NO;
				DEBUG_INFORMATION_FORMAT = "dwarf-with-dsym";
				ENABLE_NS_ASSERTIONS = NO;
				ENABLE_STRICT_OBJC_MSGSEND = YES;
				GCC_C_LANGUAGE_STANDARD = gnu11;
				GCC_NO_COMMON_BLOCKS = YES;
				GCC_WARN_64_TO_32_BIT_CONVERSION = YES;
				GCC_WARN_ABOUT_RETURN_TYPE = YES_ERROR;
				GCC_WARN_UNDECLARED_SELECTOR = YES;
				GCC_WARN_UNINITIALIZED_AUTOS = YES_AGGRESSIVE;
				GCC_WARN_UNUSED_FUNCTION = YES;
				GCC_WARN_UNUSED_VARIABLE = YES;
				IPHONEOS_DEPLOYMENT_TARGET = 12.2;
				MTL_ENABLE_DEBUG_INFO = NO;
				MTL_FAST_MATH = YES;
				SDKROOT = iphoneos;
				VALIDATE_PRODUCT = YES;
			};
			name = Release;
		};
		B1049A5E22BA523D001ED8C2 /* Debug */ = {
			isa = XCBuildConfiguration;
			baseConfigurationReference = 5DBB71ADACFE0E851419059A /* Pods-ZFTabSelectViewDemo.debug.xcconfig */;
			buildSettings = {
				ASSETCATALOG_COMPILER_APPICON_NAME = AppIcon;
				CODE_SIGN_STYLE = Automatic;
				INFOPLIST_FILE = ZFTabSelectViewDemo/Info.plist;
				LD_RUNPATH_SEARCH_PATHS = (
					"$(inherited)",
					"@executable_path/Frameworks",
				);
				PRODUCT_BUNDLE_IDENTIFIER = zxf.ZFTabSelectViewDemo;
				PRODUCT_NAME = "$(TARGET_NAME)";
				TARGETED_DEVICE_FAMILY = "1,2";
			};
			name = Debug;
		};
		B1049A5F22BA523D001ED8C2 /* Release */ = {
			isa = XCBuildConfiguration;
			baseConfigurationReference = 8525FF1E1435F8951F6CEAE7 /* Pods-ZFTabSelectViewDemo.release.xcconfig */;
			buildSettings = {
				ASSETCATALOG_COMPILER_APPICON_NAME = AppIcon;
				CODE_SIGN_STYLE = Automatic;
				INFOPLIST_FILE = ZFTabSelectViewDemo/Info.plist;
				LD_RUNPATH_SEARCH_PATHS = (
					"$(inherited)",
					"@executable_path/Frameworks",
				);
				PRODUCT_BUNDLE_IDENTIFIER = zxf.ZFTabSelectViewDemo;
				PRODUCT_NAME = "$(TARGET_NAME)";
				TARGETED_DEVICE_FAMILY = "1,2";
			};
			name = Release;
		};
		B1049A6122BA523D001ED8C2 /* Debug */ = {
			isa = XCBuildConfiguration;
			baseConfigurationReference = 0D5835EB18B0E90DE3060123 /* Pods-ZFTabSelectViewDemoTests.debug.xcconfig */;
			buildSettings = {
				BUNDLE_LOADER = "$(TEST_HOST)";
				CODE_SIGN_STYLE = Automatic;
				INFOPLIST_FILE = ZFTabSelectViewDemoTests/Info.plist;
				LD_RUNPATH_SEARCH_PATHS = (
					"$(inherited)",
					"@executable_path/Frameworks",
					"@loader_path/Frameworks",
				);
				PRODUCT_BUNDLE_IDENTIFIER = zxf.ZFTabSelectViewDemoTests;
				PRODUCT_NAME = "$(TARGET_NAME)";
				TARGETED_DEVICE_FAMILY = "1,2";
				TEST_HOST = "$(BUILT_PRODUCTS_DIR)/ZFTabSelectViewDemo.app/ZFTabSelectViewDemo";
			};
			name = Debug;
		};
		B1049A6222BA523D001ED8C2 /* Release */ = {
			isa = XCBuildConfiguration;
			baseConfigurationReference = EF167FF1C786D01AE7E8683C /* Pods-ZFTabSelectViewDemoTests.release.xcconfig */;
			buildSettings = {
				BUNDLE_LOADER = "$(TEST_HOST)";
				CODE_SIGN_STYLE = Automatic;
				INFOPLIST_FILE = ZFTabSelectViewDemoTests/Info.plist;
				LD_RUNPATH_SEARCH_PATHS = (
					"$(inherited)",
					"@executable_path/Frameworks",
					"@loader_path/Frameworks",
				);
				PRODUCT_BUNDLE_IDENTIFIER = zxf.ZFTabSelectViewDemoTests;
				PRODUCT_NAME = "$(TARGET_NAME)";
				TARGETED_DEVICE_FAMILY = "1,2";
				TEST_HOST = "$(BUILT_PRODUCTS_DIR)/ZFTabSelectViewDemo.app/ZFTabSelectViewDemo";
			};
			name = Release;
		};
/* End XCBuildConfiguration section */

/* Begin XCConfigurationList section */
		B1049A3422BA523C001ED8C2 /* Build configuration list for PBXProject "ZFTabSelectViewDemo" */ = {
			isa = XCConfigurationList;
			buildConfigurations = (
				B1049A5B22BA523D001ED8C2 /* Debug */,
				B1049A5C22BA523D001ED8C2 /* Release */,
			);
			defaultConfigurationIsVisible = 0;
			defaultConfigurationName = Release;
		};
		B1049A5D22BA523D001ED8C2 /* Build configuration list for PBXNativeTarget "ZFTabSelectViewDemo" */ = {
			isa = XCConfigurationList;
			buildConfigurations = (
				B1049A5E22BA523D001ED8C2 /* Debug */,
				B1049A5F22BA523D001ED8C2 /* Release */,
			);
			defaultConfigurationIsVisible = 0;
			defaultConfigurationName = Release;
		};
		B1049A6022BA523D001ED8C2 /* Build configuration list for PBXNativeTarget "ZFTabSelectViewDemoTests" */ = {
			isa = XCConfigurationList;
			buildConfigurations = (
				B1049A6122BA523D001ED8C2 /* Debug */,
				B1049A6222BA523D001ED8C2 /* Release */,
			);
			defaultConfigurationIsVisible = 0;
			defaultConfigurationName = Release;
		};
/* End XCConfigurationList section */

/* Begin XCVersionGroup section */
		B1049A4522BA523C001ED8C2 /* ZFTabSelectViewDemo.xcdatamodeld */ = {
			isa = XCVersionGroup;
			children = (
				B1049A4622BA523C001ED8C2 /* ZFTabSelectViewDemo.xcdatamodel */,
			);
			currentVersion = B1049A4622BA523C001ED8C2 /* ZFTabSelectViewDemo.xcdatamodel */;
			path = ZFTabSelectViewDemo.xcdatamodeld;
			sourceTree = "<group>";
			versionGroupType = wrapper.xcdatamodel;
		};
/* End XCVersionGroup section */
	};
	rootObject = B1049A3122BA523C001ED8C2 /* Project object */;
}
